
Microsoft Visual Studio Solution File, Format Version 12.00
# Visual Studio Version 16
VisualStudioVersion = 16.0.29009.5
MinimumVisualStudioVersion = 10.0.40219.1
Project("{FAE04EC0-301F-11D3-BF4B-00C04F79EFBC}") = "ML-DetectFaceApp", "ML-DetectFaceApp.csproj", "{8AC4A922-1972-4AE5-B099-E8793255F665}"
EndProject
Project("{FAE04EC0-301F-11D3-BF4B-00C04F79EFBC}") = "ML-FaceDetectApp", "..\ML-FaceDetectApp\ML-FaceDetectApp.csproj", "{7BBA0F82-0D5E-4658-8E74-42837212CB0C}"
EndProject
Global
	GlobalSection(SolutionConfigurationPlatforms) = preSolution
		Debug|Any CPU = Debug|Any CPU
		Release|Any CPU = Release|Any CPU
	EndGlobalSection
	GlobalSection(ProjectConfigurationPlatforms) = postSolution
		{8AC4A922-1972-4AE5-B099-E8793255F665}.Debug|Any CPU.ActiveCfg = Debug|Any CPU
		{8AC4A922-1972-4AE5-B099-E8793255F665}.Debug|Any CPU.Build.0 = Debug|Any CPU
		{8AC4A922-1972-4AE5-B099-E8793255F665}.Release|Any CPU.ActiveCfg = Release|Any CPU
		{8AC4A922-1972-4AE5-B099-E8793255F665}.Release|Any CPU.Build.0 = Release|Any CPU
		{7BBA0F82-0D5E-4658-8E74-42837212CB0C}.Debug|Any CPU.ActiveCfg = Debug|Any CPU
		{7BBA0F82-0D5E-4658-8E74-42837212CB0C}.Debug|Any CPU.Build.0 = Debug|Any CPU
		{7BBA0F82-0D5E-4658-8E74-42837212CB0C}.Release|Any CPU.ActiveCfg = Release|Any CPU
		{7BBA0F82-0D5E-4658-8E74-42837212CB0C}.Release|Any CPU.Build.0 = Release|Any CPU
	EndGlobalSection
	GlobalSection(SolutionProperties) = preSolution
		HideSolutionNode = FALSE
	EndGlobalSection
	GlobalSection(ExtensibilityGlobals) = postSolution
		SolutionGuid = {4268A383-336C-487E-AE5B-53DBEEE53926}
	EndGlobalSection
EndGlobal
